
Microsoft Visual Studio Solution File, Format Version 12.00
# Visual Studio 2013
VisualStudioVersion = 12.0.21005.1
MinimumVisualStudioVersion = 10.0.40219.1
Project("{8BC9CEB8-8B4A-11D0-8D11-00A0C91BC942}") = "ResizingAnalyzer", "..\app\win32\ResizingAnalyzer.vcxproj", "{98969B1C-017E-4430-AEC3-E1DDB989AD48}"
EndProject
Project("{8BC9CEB8-8B4A-11D0-8D11-00A0C91BC942}") = "tests", "..\tests\win32\tests.vcxproj", "{CE29F5F4-7FC9-47A3-B09D-8B28D059B5FF}"
EndProject
Global
	GlobalSection(SolutionConfigurationPlatforms) = preSolution
		Debug|Win32 = Debug|Win32
		Release|Win32 = Release|Win32
	EndGlobalSection
	GlobalSection(ProjectConfigurationPlatforms) = postSolution
		{98969B1C-017E-4430-AEC3-E1DDB989AD48}.Debug|Win32.ActiveCfg = Debug|Win32
		{98969B1C-017E-4430-AEC3-E1DDB989AD48}.Debug|Win32.Build.0 = Debug|Win32
		{98969B1C-017E-4430-AEC3-E1DDB989AD48}.Release|Win32.ActiveCfg = Release|Win32
		{98969B1C-017E-4430-AEC3-E1DDB989AD48}.Release|Win32.Build.0 = Release|Win32
		{CE29F5F4-7FC9-47A3-B09D-8B28D059B5FF}.Debug|Win32.ActiveCfg = Debug|Win32
		{CE29F5F4-7FC9-47A3-B09D-8B28D059B5FF}.Debug|Win32.Build.0 = Debug|Win32
		{CE29F5F4-7FC9-47A3-B09D-8B28D059B5FF}.Release|Win32.ActiveCfg = Release|Win32
		{CE29F5F4-7FC9-47A3-B09D-8B28D059B5FF}.Release|Win32.Build.0 = Release|Win32
	EndGlobalSection
	GlobalSection(SolutionProperties) = preSolution
		HideSolutionNode = FALSE
	EndGlobalSection
EndGlobal
